
Microsoft Visual Studio Solution File, Format Version 12.00
# Visual Studio Version 16
VisualStudioVersion = 16.0.30523.141
MinimumVisualStudioVersion = 10.0.40219.1
Project("{8BC9CEB8-8B4A-11D0-8D11-00A0C91BC942}") = "JA_Project_Bitmap_Blur", "JA_Project_Bitmap_Blur.vcxproj", "{07A6FC5C-3023-402E-A477-D522C70118F3}"
	ProjectSection(ProjectDependencies) = postProject
		{B1E73FC2-B07A-4A27-82FC-8BBA0461AFF0} = {B1E73FC2-B07A-4A27-82FC-8BBA0461AFF0}
		{894A60D5-3D8D-4267-BAE7-A7A1CE9E547D} = {894A60D5-3D8D-4267-BAE7-A7A1CE9E547D}
	EndProjectSection
EndProject
Project("{8BC9CEB8-8B4A-11D0-8D11-00A0C91BC942}") = "Bitmap_Blur_ASSEMBLER", "..\Bitmap_Blur_ASSEMBLER\Bitmap_Blur_ASSEMBLER.vcxproj", "{894A60D5-3D8D-4267-BAE7-A7A1CE9E547D}"
EndProject
Project("{8BC9CEB8-8B4A-11D0-8D11-00A0C91BC942}") = "Bitmap_Blur_Cpp", "..\Bitmap_Blur_Cpp\Bitmap_Blur_Cpp.vcxproj", "{B1E73FC2-B07A-4A27-82FC-8BBA0461AFF0}"
EndProject
Global
	GlobalSection(SolutionConfigurationPlatforms) = preSolution
		Debug|x64 = Debug|x64
		Debug|x86 = Debug|x86
		Release|x64 = Release|x64
		Release|x86 = Release|x86
	EndGlobalSection
	GlobalSection(ProjectConfigurationPlatforms) = postSolution
		{07A6FC5C-3023-402E-A477-D522C70118F3}.Debug|x64.ActiveCfg = Debug|x64
		{07A6FC5C-3023-402E-A477-D522C70118F3}.Debug|x64.Build.0 = Debug|x64
		{07A6FC5C-3023-402E-A477-D522C70118F3}.Debug|x86.ActiveCfg = Debug|x64
		{07A6FC5C-3023-402E-A477-D522C70118F3}.Debug|x86.Build.0 = Debug|x64
		{07A6FC5C-3023-402E-A477-D522C70118F3}.Release|x64.ActiveCfg = Release|x64
		{07A6FC5C-3023-402E-A477-D522C70118F3}.Release|x64.Build.0 = Release|x64
		{07A6FC5C-3023-402E-A477-D522C70118F3}.Release|x86.ActiveCfg = Release|Win32
		{07A6FC5C-3023-402E-A477-D522C70118F3}.Release|x86.Build.0 = Release|Win32
		{894A60D5-3D8D-4267-BAE7-A7A1CE9E547D}.Debug|x64.ActiveCfg = Debug|x64
		{894A60D5-3D8D-4267-BAE7-A7A1CE9E547D}.Debug|x64.Build.0 = Debug|x64
		{894A60D5-3D8D-4267-BAE7-A7A1CE9E547D}.Debug|x86.ActiveCfg = Debug|x64
		{894A60D5-3D8D-4267-BAE7-A7A1CE9E547D}.Debug|x86.Build.0 = Debug|x64
		{894A60D5-3D8D-4267-BAE7-A7A1CE9E547D}.Release|x64.ActiveCfg = Release|x64
		{894A60D5-3D8D-4267-BAE7-A7A1CE9E547D}.Release|x64.Build.0 = Release|x64
		{894A60D5-3D8D-4267-BAE7-A7A1CE9E547D}.Release|x86.ActiveCfg = Release|Win32
		{894A60D5-3D8D-4267-BAE7-A7A1CE9E547D}.Release|x86.Build.0 = Release|Win32
		{B1E73FC2-B07A-4A27-82FC-8BBA0461AFF0}.Debug|x64.ActiveCfg = Debug|x64
		{B1E73FC2-B07A-4A27-82FC-8BBA0461AFF0}.Debug|x64.Build.0 = Debug|x64
		{B1E73FC2-B07A-4A27-82FC-8BBA0461AFF0}.Debug|x86.ActiveCfg = Debug|Win32
		{B1E73FC2-B07A-4A27-82FC-8BBA0461AFF0}.Debug|x86.Build.0 = Debug|Win32
		{B1E73FC2-B07A-4A27-82FC-8BBA0461AFF0}.Release|x64.ActiveCfg = Release|x64
		{B1E73FC2-B07A-4A27-82FC-8BBA0461AFF0}.Release|x64.Build.0 = Release|x64
		{B1E73FC2-B07A-4A27-82FC-8BBA0461AFF0}.Release|x86.ActiveCfg = Release|Win32
		{B1E73FC2-B07A-4A27-82FC-8BBA0461AFF0}.Release|x86.Build.0 = Release|Win32
	EndGlobalSection
	GlobalSection(SolutionProperties) = preSolution
		HideSolutionNode = FALSE
	EndGlobalSection
	GlobalSection(ExtensibilityGlobals) = postSolution
		SolutionGuid = {E5E71984-92D9-45DC-9567-76C99676FAC6}
	EndGlobalSection
EndGlobal
